
Microsoft Visual Studio Solution File, Format Version 12.00
# Visual Studio Version 17
VisualStudioVersion = 17.5.33103.201
MinimumVisualStudioVersion = 10.0.40219.1
Project("{FAE04EC0-301F-11D3-BF4B-00C04F79EFBC}") = "API", "src\API\API.csproj", "{3F79C003-EE1F-4588-8B7D-8FC7B4CEB647}"
EndProject
Project("{2150E333-8FDC-42A3-9474-1A3956D46DE8}") = "Core", "Core", "{ACA42EC1-93C3-4F41-8C66-9FD6072FA363}"
EndProject
Project("{FAE04EC0-301F-11D3-BF4B-00C04F79EFBC}") = "Domain", "src\Core\Domain\Domain.csproj", "{D8162677-5C79-4EC3-8598-4323D904E175}"
EndProject
Project("{FAE04EC0-301F-11D3-BF4B-00C04F79EFBC}") = "Application", "src\Core\Application\Application.csproj", "{B1CECC47-D316-496D-8824-7BEE379B0C07}"
EndProject
Project("{FAE04EC0-301F-11D3-BF4B-00C04F79EFBC}") = "Infrastructure", "src\Infrastructure\Infrastructure.csproj", "{1404B294-B014-425C-B3FE-499BBAF33387}"
EndProject
Project("{FAE04EC0-301F-11D3-BF4B-00C04F79EFBC}") = "Data", "src\Data\Data.csproj", "{C73324F4-7FFF-4659-8F67-707511F6FBBA}"
EndProject
Project("{FAE04EC0-301F-11D3-BF4B-00C04F79EFBC}") = "DTO", "src\DTO\DTO.csproj", "{67ABC6E2-DDAF-4B3B-A718-F075CF385583}"
EndProject
Project("{2150E333-8FDC-42A3-9474-1A3956D46DE8}") = "Solution Items", "Solution Items", "{9DD733D2-2061-4EF7-95A4-22F9462DDDFC}"
	ProjectSection(SolutionItems) = preProject
		.editorconfig = .editorconfig
	EndProjectSection
EndProject
Project("{2150E333-8FDC-42A3-9474-1A3956D46DE8}") = "Test", "Test", "{32830643-F04C-45B7-8B7B-1F3F3CC22427}"
EndProject
Project("{2150E333-8FDC-42A3-9474-1A3956D46DE8}") = "src", "src", "{B12C3FB8-5F54-40EB-9E04-697C034D7CD9}"
EndProject
Project("{FAE04EC0-301F-11D3-BF4B-00C04F79EFBC}") = "CrudApi.Application.UnitTests", "test\CrudApi.Application.UnitTests\CrudApi.Application.UnitTests.csproj", "{1594EFBC-D523-43E6-9E2B-18F54AE76716}"
EndProject
Global
	GlobalSection(SolutionConfigurationPlatforms) = preSolution
		Debug|Any CPU = Debug|Any CPU
		Release|Any CPU = Release|Any CPU
	EndGlobalSection
	GlobalSection(ProjectConfigurationPlatforms) = postSolution
		{3F79C003-EE1F-4588-8B7D-8FC7B4CEB647}.Debug|Any CPU.ActiveCfg = Debug|Any CPU
		{3F79C003-EE1F-4588-8B7D-8FC7B4CEB647}.Debug|Any CPU.Build.0 = Debug|Any CPU
		{3F79C003-EE1F-4588-8B7D-8FC7B4CEB647}.Release|Any CPU.ActiveCfg = Release|Any CPU
		{3F79C003-EE1F-4588-8B7D-8FC7B4CEB647}.Release|Any CPU.Build.0 = Release|Any CPU
		{D8162677-5C79-4EC3-8598-4323D904E175}.Debug|Any CPU.ActiveCfg = Debug|Any CPU
		{D8162677-5C79-4EC3-8598-4323D904E175}.Debug|Any CPU.Build.0 = Debug|Any CPU
		{D8162677-5C79-4EC3-8598-4323D904E175}.Release|Any CPU.ActiveCfg = Release|Any CPU
		{D8162677-5C79-4EC3-8598-4323D904E175}.Release|Any CPU.Build.0 = Release|Any CPU
		{B1CECC47-D316-496D-8824-7BEE379B0C07}.Debug|Any CPU.ActiveCfg = Debug|Any CPU
		{B1CECC47-D316-496D-8824-7BEE379B0C07}.Debug|Any CPU.Build.0 = Debug|Any CPU
		{B1CECC47-D316-496D-8824-7BEE379B0C07}.Release|Any CPU.ActiveCfg = Release|Any CPU
		{B1CECC47-D316-496D-8824-7BEE379B0C07}.Release|Any CPU.Build.0 = Release|Any CPU
		{1404B294-B014-425C-B3FE-499BBAF33387}.Debug|Any CPU.ActiveCfg = Debug|Any CPU
		{1404B294-B014-425C-B3FE-499BBAF33387}.Debug|Any CPU.Build.0 = Debug|Any CPU
		{1404B294-B014-425C-B3FE-499BBAF33387}.Release|Any CPU.ActiveCfg = Release|Any CPU
		{1404B294-B014-425C-B3FE-499BBAF33387}.Release|Any CPU.Build.0 = Release|Any CPU
		{C73324F4-7FFF-4659-8F67-707511F6FBBA}.Debug|Any CPU.ActiveCfg = Debug|Any CPU
		{C73324F4-7FFF-4659-8F67-707511F6FBBA}.Debug|Any CPU.Build.0 = Debug|Any CPU
		{C73324F4-7FFF-4659-8F67-707511F6FBBA}.Release|Any CPU.ActiveCfg = Release|Any CPU
		{C73324F4-7FFF-4659-8F67-707511F6FBBA}.Release|Any CPU.Build.0 = Release|Any CPU
		{67ABC6E2-DDAF-4B3B-A718-F075CF385583}.Debug|Any CPU.ActiveCfg = Debug|Any CPU
		{67ABC6E2-DDAF-4B3B-A718-F075CF385583}.Debug|Any CPU.Build.0 = Debug|Any CPU
		{67ABC6E2-DDAF-4B3B-A718-F075CF385583}.Release|Any CPU.ActiveCfg = Release|Any CPU
		{67ABC6E2-DDAF-4B3B-A718-F075CF385583}.Release|Any CPU.Build.0 = Release|Any CPU
		{1594EFBC-D523-43E6-9E2B-18F54AE76716}.Debug|Any CPU.ActiveCfg = Debug|Any CPU
		{1594EFBC-D523-43E6-9E2B-18F54AE76716}.Debug|Any CPU.Build.0 = Debug|Any CPU
		{1594EFBC-D523-43E6-9E2B-18F54AE76716}.Release|Any CPU.ActiveCfg = Release|Any CPU
		{1594EFBC-D523-43E6-9E2B-18F54AE76716}.Release|Any CPU.Build.0 = Release|Any CPU
	EndGlobalSection
	GlobalSection(SolutionProperties) = preSolution
		HideSolutionNode = FALSE
	EndGlobalSection
	GlobalSection(NestedProjects) = preSolution
		{3F79C003-EE1F-4588-8B7D-8FC7B4CEB647} = {B12C3FB8-5F54-40EB-9E04-697C034D7CD9}
		{ACA42EC1-93C3-4F41-8C66-9FD6072FA363} = {B12C3FB8-5F54-40EB-9E04-697C034D7CD9}
		{D8162677-5C79-4EC3-8598-4323D904E175} = {ACA42EC1-93C3-4F41-8C66-9FD6072FA363}
		{B1CECC47-D316-496D-8824-7BEE379B0C07} = {ACA42EC1-93C3-4F41-8C66-9FD6072FA363}
		{1404B294-B014-425C-B3FE-499BBAF33387} = {B12C3FB8-5F54-40EB-9E04-697C034D7CD9}
		{C73324F4-7FFF-4659-8F67-707511F6FBBA} = {B12C3FB8-5F54-40EB-9E04-697C034D7CD9}
		{67ABC6E2-DDAF-4B3B-A718-F075CF385583} = {B12C3FB8-5F54-40EB-9E04-697C034D7CD9}
		{9DD733D2-2061-4EF7-95A4-22F9462DDDFC} = {B12C3FB8-5F54-40EB-9E04-697C034D7CD9}
		{1594EFBC-D523-43E6-9E2B-18F54AE76716} = {32830643-F04C-45B7-8B7B-1F3F3CC22427}
	EndGlobalSection
	GlobalSection(ExtensibilityGlobals) = postSolution
		SolutionGuid = {FFE3EEB2-E1A8-46CD-8F7D-D9B7D15C8978}
	EndGlobalSection
EndGlobal
